
Microsoft Visual Studio Solution File, Format Version 12.00
# Visual Studio 15
VisualStudioVersion = 15.0.28010.2016
MinimumVisualStudioVersion = 10.0.40219.1
Project("{FAE04EC0-301F-11D3-BF4B-00C04F79EFBC}") = "BisAceAPI", "BisAceAPI\BisAceAPI.csproj", "{267204DE-6F51-4F71-9A65-883072B30421}"
EndProject
Project("{FAE04EC0-301F-11D3-BF4B-00C04F79EFBC}") = "BisAceAPIDIContainer", "BisAceAPIDIContainer\BisAceAPIDIContainer.csproj", "{700B9995-4167-4483-97E3-51559908B287}"
EndProject
Project("{FAE04EC0-301F-11D3-BF4B-00C04F79EFBC}") = "BisAceAPIBase", "BisAceAPIBase\BisAceAPIBase.csproj", "{D14FBD71-D3DA-48FA-AB5C-5BD1FA03A975}"
EndProject
Project("{FAE04EC0-301F-11D3-BF4B-00C04F79EFBC}") = "BisAceAPIModels", "BisAceAPIModels\BisAceAPIModels.csproj", "{E780DEF0-28FA-47EE-A141-53F87E725AD0}"
EndProject
Project("{FAE04EC0-301F-11D3-BF4B-00C04F79EFBC}") = "BisAceAPILogging", "BisAceAPILogging\BisAceAPILogging.csproj", "{F3C3D51E-F3F7-4320-BBE7-DE7571AF4C05}"
EndProject
Project("{FAE04EC0-301F-11D3-BF4B-00C04F79EFBC}") = "BisAceAPIBusinessLogic", "BisAceAPIBusinessLogic\BisAceAPIBusinessLogic.csproj", "{D74A24C4-C541-4994-9917-0AB666054FBD}"
EndProject
Project("{FAE04EC0-301F-11D3-BF4B-00C04F79EFBC}") = "BisAceAPIDataAccess", "BisAceAPIDataAccess\BisAceAPIDataAccess.csproj", "{298A436B-DAB6-4B46-890C-E9A4AB124B83}"
EndProject
Project("{FAE04EC0-301F-11D3-BF4B-00C04F79EFBC}") = "BisAceAPIBusinessLogicInterface", "BisAceAPIBusinessLogicInterface\BisAceAPIBusinessLogicInterface.csproj", "{E5585C7A-7116-45F0-902E-AFA6CB1C144F}"
EndProject
Project("{FAE04EC0-301F-11D3-BF4B-00C04F79EFBC}") = "BisAceAPIDataAccessInterface", "BisAceAPIDataAccessInterface\BisAceAPIDataAccessInterface.csproj", "{E1FC28F8-3CB4-4322-9A05-E43AC59AEBEA}"
EndProject
Project("{FAE04EC0-301F-11D3-BF4B-00C04F79EFBC}") = "BisAceDatabaseContext", "BisAceDatabaseContext\BisAceDatabaseContext.csproj", "{4AC689E9-6B75-4D8D-A54C-71394E208DFD}"
EndProject
Global
	GlobalSection(SolutionConfigurationPlatforms) = preSolution
		Debug|Any CPU = Debug|Any CPU
		Debug|ARM = Debug|ARM
		Debug|x64 = Debug|x64
		Debug|x86 = Debug|x86
		Release|Any CPU = Release|Any CPU
		Release|ARM = Release|ARM
		Release|x64 = Release|x64
		Release|x86 = Release|x86
	EndGlobalSection
	GlobalSection(ProjectConfigurationPlatforms) = postSolution
		{267204DE-6F51-4F71-9A65-883072B30421}.Debug|Any CPU.ActiveCfg = Debug|Any CPU
		{267204DE-6F51-4F71-9A65-883072B30421}.Debug|Any CPU.Build.0 = Debug|Any CPU
		{267204DE-6F51-4F71-9A65-883072B30421}.Debug|ARM.ActiveCfg = Debug|Any CPU
		{267204DE-6F51-4F71-9A65-883072B30421}.Debug|ARM.Build.0 = Debug|Any CPU
		{267204DE-6F51-4F71-9A65-883072B30421}.Debug|x64.ActiveCfg = Debug|Any CPU
		{267204DE-6F51-4F71-9A65-883072B30421}.Debug|x64.Build.0 = Debug|Any CPU
		{267204DE-6F51-4F71-9A65-883072B30421}.Debug|x86.ActiveCfg = Debug|Any CPU
		{267204DE-6F51-4F71-9A65-883072B30421}.Debug|x86.Build.0 = Debug|Any CPU
		{267204DE-6F51-4F71-9A65-883072B30421}.Release|Any CPU.ActiveCfg = Release|Any CPU
		{267204DE-6F51-4F71-9A65-883072B30421}.Release|Any CPU.Build.0 = Release|Any CPU
		{267204DE-6F51-4F71-9A65-883072B30421}.Release|ARM.ActiveCfg = Release|Any CPU
		{267204DE-6F51-4F71-9A65-883072B30421}.Release|ARM.Build.0 = Release|Any CPU
		{267204DE-6F51-4F71-9A65-883072B30421}.Release|x64.ActiveCfg = Release|Any CPU
		{267204DE-6F51-4F71-9A65-883072B30421}.Release|x64.Build.0 = Release|Any CPU
		{267204DE-6F51-4F71-9A65-883072B30421}.Release|x86.ActiveCfg = Release|Any CPU
		{267204DE-6F51-4F71-9A65-883072B30421}.Release|x86.Build.0 = Release|Any CPU
		{700B9995-4167-4483-97E3-51559908B287}.Debug|Any CPU.ActiveCfg = Debug|Any CPU
		{700B9995-4167-4483-97E3-51559908B287}.Debug|Any CPU.Build.0 = Debug|Any CPU
		{700B9995-4167-4483-97E3-51559908B287}.Debug|ARM.ActiveCfg = Debug|Any CPU
		{700B9995-4167-4483-97E3-51559908B287}.Debug|ARM.Build.0 = Debug|Any CPU
		{700B9995-4167-4483-97E3-51559908B287}.Debug|x64.ActiveCfg = Debug|Any CPU
		{700B9995-4167-4483-97E3-51559908B287}.Debug|x64.Build.0 = Debug|Any CPU
		{700B9995-4167-4483-97E3-51559908B287}.Debug|x86.ActiveCfg = Debug|Any CPU
		{700B9995-4167-4483-97E3-51559908B287}.Debug|x86.Build.0 = Debug|Any CPU
		{700B9995-4167-4483-97E3-51559908B287}.Release|Any CPU.ActiveCfg = Release|Any CPU
		{700B9995-4167-4483-97E3-51559908B287}.Release|Any CPU.Build.0 = Release|Any CPU
		{700B9995-4167-4483-97E3-51559908B287}.Release|ARM.ActiveCfg = Release|Any CPU
		{700B9995-4167-4483-97E3-51559908B287}.Release|ARM.Build.0 = Release|Any CPU
		{700B9995-4167-4483-97E3-51559908B287}.Release|x64.ActiveCfg = Release|Any CPU
		{700B9995-4167-4483-97E3-51559908B287}.Release|x64.Build.0 = Release|Any CPU
		{700B9995-4167-4483-97E3-51559908B287}.Release|x86.ActiveCfg = Release|Any CPU
		{700B9995-4167-4483-97E3-51559908B287}.Release|x86.Build.0 = Release|Any CPU
		{D14FBD71-D3DA-48FA-AB5C-5BD1FA03A975}.Debug|Any CPU.ActiveCfg = Debug|Any CPU
		{D14FBD71-D3DA-48FA-AB5C-5BD1FA03A975}.Debug|Any CPU.Build.0 = Debug|Any CPU
		{D14FBD71-D3DA-48FA-AB5C-5BD1FA03A975}.Debug|ARM.ActiveCfg = Debug|Any CPU
		{D14FBD71-D3DA-48FA-AB5C-5BD1FA03A975}.Debug|ARM.Build.0 = Debug|Any CPU
		{D14FBD71-D3DA-48FA-AB5C-5BD1FA03A975}.Debug|x64.ActiveCfg = Debug|Any CPU
		{D14FBD71-D3DA-48FA-AB5C-5BD1FA03A975}.Debug|x64.Build.0 = Debug|Any CPU
		{D14FBD71-D3DA-48FA-AB5C-5BD1FA03A975}.Debug|x86.ActiveCfg = Debug|Any CPU
		{D14FBD71-D3DA-48FA-AB5C-5BD1FA03A975}.Debug|x86.Build.0 = Debug|Any CPU
		{D14FBD71-D3DA-48FA-AB5C-5BD1FA03A975}.Release|Any CPU.ActiveCfg = Release|Any CPU
		{D14FBD71-D3DA-48FA-AB5C-5BD1FA03A975}.Release|Any CPU.Build.0 = Release|Any CPU
		{D14FBD71-D3DA-48FA-AB5C-5BD1FA03A975}.Release|ARM.ActiveCfg = Release|Any CPU
		{D14FBD71-D3DA-48FA-AB5C-5BD1FA03A975}.Release|ARM.Build.0 = Release|Any CPU
		{D14FBD71-D3DA-48FA-AB5C-5BD1FA03A975}.Release|x64.ActiveCfg = Release|Any CPU
		{D14FBD71-D3DA-48FA-AB5C-5BD1FA03A975}.Release|x64.Build.0 = Release|Any CPU
		{D14FBD71-D3DA-48FA-AB5C-5BD1FA03A975}.Release|x86.ActiveCfg = Release|Any CPU
		{D14FBD71-D3DA-48FA-AB5C-5BD1FA03A975}.Release|x86.Build.0 = Release|Any CPU
		{E780DEF0-28FA-47EE-A141-53F87E725AD0}.Debug|Any CPU.ActiveCfg = Debug|Any CPU
		{E780DEF0-28FA-47EE-A141-53F87E725AD0}.Debug|Any CPU.Build.0 = Debug|Any CPU
		{E780DEF0-28FA-47EE-A141-53F87E725AD0}.Debug|ARM.ActiveCfg = Debug|Any CPU
		{E780DEF0-28FA-47EE-A141-53F87E725AD0}.Debug|ARM.Build.0 = Debug|Any CPU
		{E780DEF0-28FA-47EE-A141-53F87E725AD0}.Debug|x64.ActiveCfg = Debug|Any CPU
		{E780DEF0-28FA-47EE-A141-53F87E725AD0}.Debug|x64.Build.0 = Debug|Any CPU
		{E780DEF0-28FA-47EE-A141-53F87E725AD0}.Debug|x86.ActiveCfg = Debug|Any CPU
		{E780DEF0-28FA-47EE-A141-53F87E725AD0}.Debug|x86.Build.0 = Debug|Any CPU
		{E780DEF0-28FA-47EE-A141-53F87E725AD0}.Release|Any CPU.ActiveCfg = Release|Any CPU
		{E780DEF0-28FA-47EE-A141-53F87E725AD0}.Release|Any CPU.Build.0 = Release|Any CPU
		{E780DEF0-28FA-47EE-A141-53F87E725AD0}.Release|ARM.ActiveCfg = Release|Any CPU
		{E780DEF0-28FA-47EE-A141-53F87E725AD0}.Release|ARM.Build.0 = Release|Any CPU
		{E780DEF0-28FA-47EE-A141-53F87E725AD0}.Release|x64.ActiveCfg = Release|Any CPU
		{E780DEF0-28FA-47EE-A141-53F87E725AD0}.Release|x64.Build.0 = Release|Any CPU
		{E780DEF0-28FA-47EE-A141-53F87E725AD0}.Release|x86.ActiveCfg = Release|Any CPU
		{E780DEF0-28FA-47EE-A141-53F87E725AD0}.Release|x86.Build.0 = Release|Any CPU
		{F3C3D51E-F3F7-4320-BBE7-DE7571AF4C05}.Debug|Any CPU.ActiveCfg = Debug|Any CPU
		{F3C3D51E-F3F7-4320-BBE7-DE7571AF4C05}.Debug|Any CPU.Build.0 = Debug|Any CPU
		{F3C3D51E-F3F7-4320-BBE7-DE7571AF4C05}.Debug|ARM.ActiveCfg = Debug|Any CPU
		{F3C3D51E-F3F7-4320-BBE7-DE7571AF4C05}.Debug|ARM.Build.0 = Debug|Any CPU
		{F3C3D51E-F3F7-4320-BBE7-DE7571AF4C05}.Debug|x64.ActiveCfg = Debug|Any CPU
		{F3C3D51E-F3F7-4320-BBE7-DE7571AF4C05}.Debug|x64.Build.0 = Debug|Any CPU
		{F3C3D51E-F3F7-4320-BBE7-DE7571AF4C05}.Debug|x86.ActiveCfg = Debug|Any CPU
		{F3C3D51E-F3F7-4320-BBE7-DE7571AF4C05}.Debug|x86.Build.0 = Debug|Any CPU
		{F3C3D51E-F3F7-4320-BBE7-DE7571AF4C05}.Release|Any CPU.ActiveCfg = Release|Any CPU
		{F3C3D51E-F3F7-4320-BBE7-DE7571AF4C05}.Release|Any CPU.Build.0 = Release|Any CPU
		{F3C3D51E-F3F7-4320-BBE7-DE7571AF4C05}.Release|ARM.ActiveCfg = Release|Any CPU
		{F3C3D51E-F3F7-4320-BBE7-DE7571AF4C05}.Release|ARM.Build.0 = Release|Any CPU
		{F3C3D51E-F3F7-4320-BBE7-DE7571AF4C05}.Release|x64.ActiveCfg = Release|Any CPU
		{F3C3D51E-F3F7-4320-BBE7-DE7571AF4C05}.Release|x64.Build.0 = Release|Any CPU
		{F3C3D51E-F3F7-4320-BBE7-DE7571AF4C05}.Release|x86.ActiveCfg = Release|Any CPU
		{F3C3D51E-F3F7-4320-BBE7-DE7571AF4C05}.Release|x86.Build.0 = Release|Any CPU
		{D74A24C4-C541-4994-9917-0AB666054FBD}.Debug|Any CPU.ActiveCfg = Debug|Any CPU
		{D74A24C4-C541-4994-9917-0AB666054FBD}.Debug|Any CPU.Build.0 = Debug|Any CPU
		{D74A24C4-C541-4994-9917-0AB666054FBD}.Debug|ARM.ActiveCfg = Debug|Any CPU
		{D74A24C4-C541-4994-9917-0AB666054FBD}.Debug|ARM.Build.0 = Debug|Any CPU
		{D74A24C4-C541-4994-9917-0AB666054FBD}.Debug|x64.ActiveCfg = Debug|Any CPU
		{D74A24C4-C541-4994-9917-0AB666054FBD}.Debug|x64.Build.0 = Debug|Any CPU
		{D74A24C4-C541-4994-9917-0AB666054FBD}.Debug|x86.ActiveCfg = Debug|Any CPU
		{D74A24C4-C541-4994-9917-0AB666054FBD}.Debug|x86.Build.0 = Debug|Any CPU
		{D74A24C4-C541-4994-9917-0AB666054FBD}.Release|Any CPU.ActiveCfg = Release|Any CPU
		{D74A24C4-C541-4994-9917-0AB666054FBD}.Release|Any CPU.Build.0 = Release|Any CPU
		{D74A24C4-C541-4994-9917-0AB666054FBD}.Release|ARM.ActiveCfg = Release|Any CPU
		{D74A24C4-C541-4994-9917-0AB666054FBD}.Release|ARM.Build.0 = Release|Any CPU
		{D74A24C4-C541-4994-9917-0AB666054FBD}.Release|x64.ActiveCfg = Release|Any CPU
		{D74A24C4-C541-4994-9917-0AB666054FBD}.Release|x64.Build.0 = Release|Any CPU
		{D74A24C4-C541-4994-9917-0AB666054FBD}.Release|x86.ActiveCfg = Release|Any CPU
		{D74A24C4-C541-4994-9917-0AB666054FBD}.Release|x86.Build.0 = Release|Any CPU
		{298A436B-DAB6-4B46-890C-E9A4AB124B83}.Debug|Any CPU.ActiveCfg = Debug|Any CPU
		{298A436B-DAB6-4B46-890C-E9A4AB124B83}.Debug|Any CPU.Build.0 = Debug|Any CPU
		{298A436B-DAB6-4B46-890C-E9A4AB124B83}.Debug|ARM.ActiveCfg = Debug|Any CPU
		{298A436B-DAB6-4B46-890C-E9A4AB124B83}.Debug|ARM.Build.0 = Debug|Any CPU
		{298A436B-DAB6-4B46-890C-E9A4AB124B83}.Debug|x64.ActiveCfg = Debug|Any CPU
		{298A436B-DAB6-4B46-890C-E9A4AB124B83}.Debug|x64.Build.0 = Debug|Any CPU
		{298A436B-DAB6-4B46-890C-E9A4AB124B83}.Debug|x86.ActiveCfg = Debug|Any CPU
		{298A436B-DAB6-4B46-890C-E9A4AB124B83}.Debug|x86.Build.0 = Debug|Any CPU
		{298A436B-DAB6-4B46-890C-E9A4AB124B83}.Release|Any CPU.ActiveCfg = Release|Any CPU
		{298A436B-DAB6-4B46-890C-E9A4AB124B83}.Release|Any CPU.Build.0 = Release|Any CPU
		{298A436B-DAB6-4B46-890C-E9A4AB124B83}.Release|ARM.ActiveCfg = Release|Any CPU
		{298A436B-DAB6-4B46-890C-E9A4AB124B83}.Release|ARM.Build.0 = Release|Any CPU
		{298A436B-DAB6-4B46-890C-E9A4AB124B83}.Release|x64.ActiveCfg = Release|Any CPU
		{298A436B-DAB6-4B46-890C-E9A4AB124B83}.Release|x64.Build.0 = Release|Any CPU
		{298A436B-DAB6-4B46-890C-E9A4AB124B83}.Release|x86.ActiveCfg = Release|Any CPU
		{298A436B-DAB6-4B46-890C-E9A4AB124B83}.Release|x86.Build.0 = Release|Any CPU
		{E5585C7A-7116-45F0-902E-AFA6CB1C144F}.Debug|Any CPU.ActiveCfg = Debug|Any CPU
		{E5585C7A-7116-45F0-902E-AFA6CB1C144F}.Debug|Any CPU.Build.0 = Debug|Any CPU
		{E5585C7A-7116-45F0-902E-AFA6CB1C144F}.Debug|ARM.ActiveCfg = Debug|Any CPU
		{E5585C7A-7116-45F0-902E-AFA6CB1C144F}.Debug|ARM.Build.0 = Debug|Any CPU
		{E5585C7A-7116-45F0-902E-AFA6CB1C144F}.Debug|x64.ActiveCfg = Debug|Any CPU
		{E5585C7A-7116-45F0-902E-AFA6CB1C144F}.Debug|x64.Build.0 = Debug|Any CPU
		{E5585C7A-7116-45F0-902E-AFA6CB1C144F}.Debug|x86.ActiveCfg = Debug|Any CPU
		{E5585C7A-7116-45F0-902E-AFA6CB1C144F}.Debug|x86.Build.0 = Debug|Any CPU
		{E5585C7A-7116-45F0-902E-AFA6CB1C144F}.Release|Any CPU.ActiveCfg = Release|Any CPU
		{E5585C7A-7116-45F0-902E-AFA6CB1C144F}.Release|Any CPU.Build.0 = Release|Any CPU
		{E5585C7A-7116-45F0-902E-AFA6CB1C144F}.Release|ARM.ActiveCfg = Release|Any CPU
		{E5585C7A-7116-45F0-902E-AFA6CB1C144F}.Release|ARM.Build.0 = Release|Any CPU
		{E5585C7A-7116-45F0-902E-AFA6CB1C144F}.Release|x64.ActiveCfg = Release|Any CPU
		{E5585C7A-7116-45F0-902E-AFA6CB1C144F}.Release|x64.Build.0 = Release|Any CPU
		{E5585C7A-7116-45F0-902E-AFA6CB1C144F}.Release|x86.ActiveCfg = Release|Any CPU
		{E5585C7A-7116-45F0-902E-AFA6CB1C144F}.Release|x86.Build.0 = Release|Any CPU
		{E1FC28F8-3CB4-4322-9A05-E43AC59AEBEA}.Debug|Any CPU.ActiveCfg = Debug|Any CPU
		{E1FC28F8-3CB4-4322-9A05-E43AC59AEBEA}.Debug|Any CPU.Build.0 = Debug|Any CPU
		{E1FC28F8-3CB4-4322-9A05-E43AC59AEBEA}.Debug|ARM.ActiveCfg = Debug|Any CPU
		{E1FC28F8-3CB4-4322-9A05-E43AC59AEBEA}.Debug|ARM.Build.0 = Debug|Any CPU
		{E1FC28F8-3CB4-4322-9A05-E43AC59AEBEA}.Debug|x64.ActiveCfg = Debug|Any CPU
		{E1FC28F8-3CB4-4322-9A05-E43AC59AEBEA}.Debug|x64.Build.0 = Debug|Any CPU
		{E1FC28F8-3CB4-4322-9A05-E43AC59AEBEA}.Debug|x86.ActiveCfg = Debug|Any CPU
		{E1FC28F8-3CB4-4322-9A05-E43AC59AEBEA}.Debug|x86.Build.0 = Debug|Any CPU
		{E1FC28F8-3CB4-4322-9A05-E43AC59AEBEA}.Release|Any CPU.ActiveCfg = Release|Any CPU
		{E1FC28F8-3CB4-4322-9A05-E43AC59AEBEA}.Release|Any CPU.Build.0 = Release|Any CPU
		{E1FC28F8-3CB4-4322-9A05-E43AC59AEBEA}.Release|ARM.ActiveCfg = Release|Any CPU
		{E1FC28F8-3CB4-4322-9A05-E43AC59AEBEA}.Release|ARM.Build.0 = Release|Any CPU
		{E1FC28F8-3CB4-4322-9A05-E43AC59AEBEA}.Release|x64.ActiveCfg = Release|Any CPU
		{E1FC28F8-3CB4-4322-9A05-E43AC59AEBEA}.Release|x64.Build.0 = Release|Any CPU
		{E1FC28F8-3CB4-4322-9A05-E43AC59AEBEA}.Release|x86.ActiveCfg = Release|Any CPU
		{E1FC28F8-3CB4-4322-9A05-E43AC59AEBEA}.Release|x86.Build.0 = Release|Any CPU
		{4AC689E9-6B75-4D8D-A54C-71394E208DFD}.Debug|Any CPU.ActiveCfg = Debug|Any CPU
		{4AC689E9-6B75-4D8D-A54C-71394E208DFD}.Debug|Any CPU.Build.0 = Debug|Any CPU
		{4AC689E9-6B75-4D8D-A54C-71394E208DFD}.Debug|ARM.ActiveCfg = Debug|Any CPU
		{4AC689E9-6B75-4D8D-A54C-71394E208DFD}.Debug|ARM.Build.0 = Debug|Any CPU
		{4AC689E9-6B75-4D8D-A54C-71394E208DFD}.Debug|x64.ActiveCfg = Debug|Any CPU
		{4AC689E9-6B75-4D8D-A54C-71394E208DFD}.Debug|x64.Build.0 = Debug|Any CPU
		{4AC689E9-6B75-4D8D-A54C-71394E208DFD}.Debug|x86.ActiveCfg = Debug|Any CPU
		{4AC689E9-6B75-4D8D-A54C-71394E208DFD}.Debug|x86.Build.0 = Debug|Any CPU
		{4AC689E9-6B75-4D8D-A54C-71394E208DFD}.Release|Any CPU.ActiveCfg = Release|Any CPU
		{4AC689E9-6B75-4D8D-A54C-71394E208DFD}.Release|Any CPU.Build.0 = Release|Any CPU
		{4AC689E9-6B75-4D8D-A54C-71394E208DFD}.Release|ARM.ActiveCfg = Release|Any CPU
		{4AC689E9-6B75-4D8D-A54C-71394E208DFD}.Release|ARM.Build.0 = Release|Any CPU
		{4AC689E9-6B75-4D8D-A54C-71394E208DFD}.Release|x64.ActiveCfg = Release|Any CPU
		{4AC689E9-6B75-4D8D-A54C-71394E208DFD}.Release|x64.Build.0 = Release|Any CPU
		{4AC689E9-6B75-4D8D-A54C-71394E208DFD}.Release|x86.ActiveCfg = Release|Any CPU
		{4AC689E9-6B75-4D8D-A54C-71394E208DFD}.Release|x86.Build.0 = Release|Any CPU
	EndGlobalSection
	GlobalSection(SolutionProperties) = preSolution
		HideSolutionNode = FALSE
	EndGlobalSection
	GlobalSection(ExtensibilityGlobals) = postSolution
		SolutionGuid = {9D45FFB3-C975-49DF-85AD-CCBF750ABE20}
	EndGlobalSection
EndGlobal
